<?xml version="1.0" encoding="utf-8"?>
<Project ToolsVersion="4.0" xmlns="http://schemas.microsoft.com/developer/msbuild/2003">
  <ItemGroup>
    <ClCompile Include="StardewContents.cpp" />
    <ClCompile Include="TitleLevel.cpp">
      <Filter>00Level</Filter>
    </ClCompile>
    <ClCompile Include="EndingLevel.cpp">
      <Filter>00Level</Filter>
    </ClCompile>
    <ClCompile Include="TitleLogo.cpp">
      <Filter>01Title</Filter>
    </ClCompile>
    <ClCompile Include="Player.cpp">
      <Filter>02Play</Filter>
    </ClCompile>
    <ClCompile Include="EndingCredit.cpp">
      <Filter>03Ending</Filter>
    </ClCompile>
    <ClCompile Include="Crops.cpp">
      <Filter>02Play\Crop</Filter>
    </ClCompile>
    <ClCompile Include="Potato.cpp">
      <Filter>02Play\Crop</Filter>
    </ClCompile>
    <ClCompile Include="Fishes.cpp">
      <Filter>02Play\Fishing</Filter>
    </ClCompile>
    <ClCompile Include="TitleButtonNewGame.cpp">
      <Filter>01Title</Filter>
    </ClCompile>
    <ClCompile Include="TitleButtonLoadGame.cpp">
      <Filter>01Title</Filter>
    </ClCompile>
    <ClCompile Include="TitleButtonExitGame.cpp">
      <Filter>01Title</Filter>
    </ClCompile>
    <ClCompile Include="Inventory.cpp">
      <Filter>02Play\Interface</Filter>
    </ClCompile>
    <ClCompile Include="Clock.cpp">
      <Filter>02Play\Interface</Filter>
    </ClCompile>
    <ClCompile Include="EnergyBar.cpp">
      <Filter>02Play\Interface</Filter>
    </ClCompile>
    <ClCompile Include="PlayLevel.cpp">
      <Filter>00Level\PlayLevel</Filter>
    </ClCompile>
    <ClCompile Include="BackGround.cpp">
      <Filter>99Etc</Filter>
    </ClCompile>
    <ClCompile Include="FarmLevel.cpp">
      <Filter>00Level\PlayLevel</Filter>
    </ClCompile>
    <ClCompile Include="TownLevel.cpp">
      <Filter>00Level\PlayLevel</Filter>
    </ClCompile>
    <ClCompile Include="FarmBuilding.cpp">
      <Filter>02Play</Filter>
    </ClCompile>
    <ClCompile Include="PlayerState.cpp">
      <Filter>02Play</Filter>
    </ClCompile>
    <ClCompile Include="BeachLevel.cpp">
      <Filter>00Level\PlayLevel</Filter>
    </ClCompile>
    <ClCompile Include="Mouse.cpp">
      <Filter>02Play\Interface</Filter>
    </ClCompile>
    <ClCompile Include="Font.cpp">
      <Filter>99Etc</Filter>
    </ClCompile>
    <ClCompile Include="Parsnip.cpp">
      <Filter>02Play\Crop</Filter>
    </ClCompile>
    <ClCompile Include="Oaktree.cpp">
      <Filter>02Play\Crop</Filter>
    </ClCompile>
    <ClCompile Include="Item.cpp">
      <Filter>02Play\Items</Filter>
    </ClCompile>
    <ClCompile Include="MiniTree.cpp">
      <Filter>02Play\Items</Filter>
    </ClCompile>
    <ClCompile Include="ItemTable.cpp">
      <Filter>99Etc</Filter>
    </ClCompile>
    <ClCompile Include="ParsnipFruit.cpp">
      <Filter>02Play\Items</Filter>
    </ClCompile>
    <ClCompile Include="Couliflower.cpp">
      <Filter>02Play\Crop</Filter>
    </ClCompile>
    <ClCompile Include="Garlic.cpp">
      <Filter>02Play\Crop</Filter>
    </ClCompile>
    <ClCompile Include="Rhubarb.cpp">
      <Filter>02Play\Crop</Filter>
    </ClCompile>
    <ClCompile Include="Tomato.cpp">
      <Filter>02Play\Crop</Filter>
    </ClCompile>
    <ClCompile Include="Hotpepper.cpp">
      <Filter>02Play\Crop</Filter>
    </ClCompile>
    <ClCompile Include="Radish.cpp">
      <Filter>02Play\Crop</Filter>
    </ClCompile>
    <ClCompile Include="Starfruit.cpp">
      <Filter>02Play\Crop</Filter>
    </ClCompile>
    <ClCompile Include="Eggplant.cpp">
      <Filter>02Play\Crop</Filter>
    </ClCompile>
    <ClCompile Include="Pumpkin.cpp">
      <Filter>02Play\Crop</Filter>
    </ClCompile>
    <ClCompile Include="Yam.cpp">
      <Filter>02Play\Crop</Filter>
    </ClCompile>
    <ClCompile Include="Beet.cpp">
      <Filter>02Play\Crop</Filter>
    </ClCompile>
    <ClCompile Include="Sunflower.cpp">
      <Filter>02Play\Crop</Filter>
    </ClCompile>
    <ClCompile Include="Greenbean.cpp">
      <Filter>02Play\Crop</Filter>
    </ClCompile>
    <ClCompile Include="Kale.cpp">
      <Filter>02Play\Crop</Filter>
    </ClCompile>
    <ClCompile Include="Melon.cpp">
      <Filter>02Play\Crop</Filter>
    </ClCompile>
    <ClCompile Include="Blueberry.cpp">
      <Filter>02Play\Crop</Filter>
    </ClCompile>
    <ClCompile Include="Redcabbage.cpp">
      <Filter>02Play\Crop</Filter>
    </ClCompile>
    <ClCompile Include="Corn.cpp">
      <Filter>02Play\Crop</Filter>
    </ClCompile>
    <ClCompile Include="CouliflowerFruit.cpp">
      <Filter>02Play\Items</Filter>
    </ClCompile>
    <ClCompile Include="GarlicFruit.cpp">
      <Filter>02Play\Items</Filter>
    </ClCompile>
    <ClCompile Include="RhubarbFruit.cpp">
      <Filter>02Play\Items</Filter>
    </ClCompile>
    <ClCompile Include="TomatoFruit.cpp">
      <Filter>02Play\Items</Filter>
    </ClCompile>
    <ClCompile Include="HotpepperFruit.cpp">
      <Filter>02Play\Items</Filter>
    </ClCompile>
    <ClCompile Include="RadishFruit.cpp">
      <Filter>02Play\Items</Filter>
    </ClCompile>
    <ClCompile Include="StarfruitFruit.cpp">
      <Filter>02Play\Items</Filter>
    </ClCompile>
    <ClCompile Include="EggplantFruit.cpp">
      <Filter>02Play\Items</Filter>
    </ClCompile>
    <ClCompile Include="PumpkinFruit.cpp">
      <Filter>02Play\Items</Filter>
    </ClCompile>
    <ClCompile Include="YamFruit.cpp">
      <Filter>02Play\Items</Filter>
    </ClCompile>
    <ClCompile Include="BeetFruit.cpp">
      <Filter>02Play\Items</Filter>
    </ClCompile>
    <ClCompile Include="SunflowerFruit.cpp">
      <Filter>02Play\Items</Filter>
    </ClCompile>
    <ClCompile Include="GreenbeanFruit.cpp">
      <Filter>02Play\Items</Filter>
    </ClCompile>
    <ClCompile Include="PotatoFruit.cpp">
      <Filter>02Play\Items</Filter>
    </ClCompile>
    <ClCompile Include="KaleFruit.cpp">
      <Filter>02Play\Items</Filter>
    </ClCompile>
    <ClCompile Include="MelonFruit.cpp">
      <Filter>02Play\Items</Filter>
    </ClCompile>
    <ClCompile Include="BlueberryFruit.cpp">
      <Filter>02Play\Items</Filter>
    </ClCompile>
    <ClCompile Include="RedcabbageFruit.cpp">
      <Filter>02Play\Items</Filter>
    </ClCompile>
    <ClCompile Include="CornFruit.cpp">
      <Filter>02Play\Items</Filter>
    </ClCompile>
    <ClCompile Include="FishingRod.cpp">
      <Filter>02Play\Fishing</Filter>
    </ClCompile>
    <ClCompile Include="FishingGame.cpp">
      <Filter>02Play\Fishing</Filter>
    </ClCompile>
    <ClCompile Include="FishingPowerbar.cpp">
      <Filter>02Play\Interface</Filter>
    </ClCompile>
    <ClCompile Include="FishingBar.cpp">
      <Filter>02Play\Interface</Filter>
    </ClCompile>
    <ClCompile Include="SeedShopLevel.cpp">
      <Filter>00Level\PlayLevel</Filter>
    </ClCompile>
    <ClCompile Include="SeedShop.cpp">
      <Filter>02Play\Shop</Filter>
    </ClCompile>
    <ClCompile Include="MineLevel.cpp">
      <Filter>00Level\PlayLevel\Mine</Filter>
    </ClCompile>
    <ClCompile Include="Cave1.cpp">
      <Filter>00Level\PlayLevel\Mine</Filter>
    </ClCompile>
    <ClCompile Include="Cave2.cpp">
      <Filter>00Level\PlayLevel\Mine</Filter>
    </ClCompile>
    <ClCompile Include="MineObject.cpp">
      <Filter>02Play\Mines</Filter>
    </ClCompile>
    <ClCompile Include="Diamond.cpp">
      <Filter>02Play\Mines</Filter>
    </ClCompile>
    <ClCompile Include="Ruby.cpp">
      <Filter>02Play\Mines</Filter>
    </ClCompile>
    <ClCompile Include="Jade.cpp">
      <Filter>02Play\Mines</Filter>
    </ClCompile>
    <ClCompile Include="Topaz.cpp">
      <Filter>02Play\Mines</Filter>
    </ClCompile>
    <ClCompile Include="Amethyst.cpp">
      <Filter>02Play\Mines</Filter>
    </ClCompile>
    <ClCompile Include="Mapletree.cpp">
      <Filter>02Play\Crop</Filter>
    </ClCompile>
    <ClCompile Include="Pinetree.cpp">
      <Filter>02Play\Crop</Filter>
    </ClCompile>
  </ItemGroup>
  <ItemGroup>
    <ClInclude Include="StardewContents.h" />
    <ClInclude Include="TitleLevel.h">
      <Filter>00Level</Filter>
    </ClInclude>
    <ClInclude Include="EndingLevel.h">
      <Filter>00Level</Filter>
    </ClInclude>
    <ClInclude Include="TitleLogo.h">
      <Filter>01Title</Filter>
    </ClInclude>
    <ClInclude Include="Player.h">
      <Filter>02Play</Filter>
    </ClInclude>
    <ClInclude Include="EndingCredit.h">
      <Filter>03Ending</Filter>
    </ClInclude>
    <ClInclude Include="Crops.h">
      <Filter>02Play\Crop</Filter>
    </ClInclude>
    <ClInclude Include="Potato.h">
      <Filter>02Play\Crop</Filter>
    </ClInclude>
    <ClInclude Include="Fishes.h">
      <Filter>02Play\Fishing</Filter>
    </ClInclude>
    <ClInclude Include="TitleButtonNewGame.h">
      <Filter>01Title</Filter>
    </ClInclude>
    <ClInclude Include="TitleButtonLoadGame.h">
      <Filter>01Title</Filter>
    </ClInclude>
    <ClInclude Include="TitleButtonExitGame.h">
      <Filter>01Title</Filter>
    </ClInclude>
    <ClInclude Include="Inventory.h">
      <Filter>02Play\Interface</Filter>
    </ClInclude>
    <ClInclude Include="Clock.h">
      <Filter>02Play\Interface</Filter>
    </ClInclude>
    <ClInclude Include="EnergyBar.h">
      <Filter>02Play\Interface</Filter>
    </ClInclude>
    <ClInclude Include="PlayLevel.h">
      <Filter>00Level\PlayLevel</Filter>
    </ClInclude>
    <ClInclude Include="ContentsEnums.h">
      <Filter>99Etc</Filter>
    </ClInclude>
    <ClInclude Include="BackGround.h">
      <Filter>99Etc</Filter>
    </ClInclude>
    <ClInclude Include="FarmLevel.h">
      <Filter>00Level\PlayLevel</Filter>
    </ClInclude>
    <ClInclude Include="TownLevel.h">
      <Filter>00Level\PlayLevel</Filter>
    </ClInclude>
    <ClInclude Include="FarmBuilding.h">
      <Filter>02Play</Filter>
    </ClInclude>
    <ClInclude Include="BeachLevel.h">
      <Filter>00Level\PlayLevel</Filter>
    </ClInclude>
    <ClInclude Include="TileStateTable.h">
      <Filter>99Etc</Filter>
    </ClInclude>
    <ClInclude Include="PlayerTileIndex.h">
      <Filter>99Etc</Filter>
    </ClInclude>
    <ClInclude Include="ItemTable.h">
      <Filter>99Etc</Filter>
    </ClInclude>
    <ClInclude Include="Mouse.h">
      <Filter>02Play\Interface</Filter>
    </ClInclude>
    <ClInclude Include="Font.h">
      <Filter>99Etc</Filter>
    </ClInclude>
    <ClInclude Include="Parsnip.h">
      <Filter>02Play\Crop</Filter>
    </ClInclude>
    <ClInclude Include="Oaktree.h">
      <Filter>02Play\Crop</Filter>
    </ClInclude>
    <ClInclude Include="Item.h">
      <Filter>02Play\Items</Filter>
    </ClInclude>
    <ClInclude Include="MiniTree.h">
      <Filter>02Play\Items</Filter>
    </ClInclude>
    <ClInclude Include="ParsnipFruit.h">
      <Filter>02Play\Items</Filter>
    </ClInclude>
    <ClInclude Include="Couliflower.h">
      <Filter>02Play\Crop</Filter>
    </ClInclude>
    <ClInclude Include="Garlic.h">
      <Filter>02Play\Crop</Filter>
    </ClInclude>
    <ClInclude Include="Rhubarb.h">
      <Filter>02Play\Crop</Filter>
    </ClInclude>
    <ClInclude Include="Tomato.h">
      <Filter>02Play\Crop</Filter>
    </ClInclude>
    <ClInclude Include="Hotpepper.h">
      <Filter>02Play\Crop</Filter>
    </ClInclude>
    <ClInclude Include="Radish.h">
      <Filter>02Play\Crop</Filter>
    </ClInclude>
    <ClInclude Include="Starfruit.h">
      <Filter>02Play\Crop</Filter>
    </ClInclude>
    <ClInclude Include="Eggplant.h">
      <Filter>02Play\Crop</Filter>
    </ClInclude>
    <ClInclude Include="Pumpkin.h">
      <Filter>02Play\Crop</Filter>
    </ClInclude>
    <ClInclude Include="Yam.h">
      <Filter>02Play\Crop</Filter>
    </ClInclude>
    <ClInclude Include="Beet.h">
      <Filter>02Play\Crop</Filter>
    </ClInclude>
    <ClInclude Include="Sunflower.h">
      <Filter>02Play\Crop</Filter>
    </ClInclude>
    <ClInclude Include="Greenbean.h">
      <Filter>02Play\Crop</Filter>
    </ClInclude>
    <ClInclude Include="Kale.h">
      <Filter>02Play\Crop</Filter>
    </ClInclude>
    <ClInclude Include="Melon.h">
      <Filter>02Play\Crop</Filter>
    </ClInclude>
    <ClInclude Include="Blueberry.h">
      <Filter>02Play\Crop</Filter>
    </ClInclude>
    <ClInclude Include="Redcabbage.h">
      <Filter>02Play\Crop</Filter>
    </ClInclude>
    <ClInclude Include="Corn.h">
      <Filter>02Play\Crop</Filter>
    </ClInclude>
    <ClInclude Include="CouliflowerFruit.h">
      <Filter>02Play\Items</Filter>
    </ClInclude>
    <ClInclude Include="GarlicFruit.h">
      <Filter>02Play\Items</Filter>
    </ClInclude>
    <ClInclude Include="RhubarbFruit.h">
      <Filter>02Play\Items</Filter>
    </ClInclude>
    <ClInclude Include="TomatoFruit.h">
      <Filter>02Play\Items</Filter>
    </ClInclude>
    <ClInclude Include="HotpepperFruit.h">
      <Filter>02Play\Items</Filter>
    </ClInclude>
    <ClInclude Include="RadishFruit.h">
      <Filter>02Play\Items</Filter>
    </ClInclude>
    <ClInclude Include="StarfruitFruit.h">
      <Filter>02Play\Items</Filter>
    </ClInclude>
    <ClInclude Include="EggplantFruit.h">
      <Filter>02Play\Items</Filter>
    </ClInclude>
    <ClInclude Include="PumpkinFruit.h">
      <Filter>02Play\Items</Filter>
    </ClInclude>
    <ClInclude Include="YamFruit.h">
      <Filter>02Play\Items</Filter>
    </ClInclude>
    <ClInclude Include="BeetFruit.h">
      <Filter>02Play\Items</Filter>
    </ClInclude>
    <ClInclude Include="SunflowerFruit.h">
      <Filter>02Play\Items</Filter>
    </ClInclude>
    <ClInclude Include="GreenbeanFruit.h">
      <Filter>02Play\Items</Filter>
    </ClInclude>
    <ClInclude Include="PotatoFruit.h">
      <Filter>02Play\Items</Filter>
    </ClInclude>
    <ClInclude Include="KaleFruit.h">
      <Filter>02Play\Items</Filter>
    </ClInclude>
    <ClInclude Include="MelonFruit.h">
      <Filter>02Play\Items</Filter>
    </ClInclude>
    <ClInclude Include="BlueberryFruit.h">
      <Filter>02Play\Items</Filter>
    </ClInclude>
    <ClInclude Include="RedcabbageFruit.h">
      <Filter>02Play\Items</Filter>
    </ClInclude>
    <ClInclude Include="CornFruit.h">
      <Filter>02Play\Items</Filter>
    </ClInclude>
    <ClInclude Include="FishingRod.h">
      <Filter>02Play\Fishing</Filter>
    </ClInclude>
    <ClInclude Include="FishingGame.h">
      <Filter>02Play\Fishing</Filter>
    </ClInclude>
    <ClInclude Include="FishingPowerbar.h">
      <Filter>02Play\Interface</Filter>
    </ClInclude>
    <ClInclude Include="FishingBar.h">
      <Filter>02Play\Interface</Filter>
    </ClInclude>
    <ClInclude Include="SeedShopLevel.h">
      <Filter>00Level\PlayLevel</Filter>
    </ClInclude>
    <ClInclude Include="SeedShop.h">
      <Filter>02Play\Shop</Filter>
    </ClInclude>
    <ClInclude Include="MineLevel.h">
      <Filter>00Level\PlayLevel\Mine</Filter>
    </ClInclude>
    <ClInclude Include="Cave1.h">
      <Filter>00Level\PlayLevel\Mine</Filter>
    </ClInclude>
    <ClInclude Include="Cave2.h">
      <Filter>00Level\PlayLevel\Mine</Filter>
    </ClInclude>
    <ClInclude Include="MineObject.h">
      <Filter>02Play\Mines</Filter>
    </ClInclude>
    <ClInclude Include="Diamond.h">
      <Filter>02Play\Mines</Filter>
    </ClInclude>
    <ClInclude Include="Ruby.h">
      <Filter>02Play\Mines</Filter>
    </ClInclude>
    <ClInclude Include="Jade.h">
      <Filter>02Play\Mines</Filter>
    </ClInclude>
    <ClInclude Include="Topaz.h">
      <Filter>02Play\Mines</Filter>
    </ClInclude>
    <ClInclude Include="Amethyst.h">
      <Filter>02Play\Mines</Filter>
    </ClInclude>
    <ClInclude Include="Mapletree.h">
      <Filter>02Play\Crop</Filter>
    </ClInclude>
    <ClInclude Include="Pinetree.h">
      <Filter>02Play\Crop</Filter>
    </ClInclude>
  </ItemGroup>
  <ItemGroup>
    <Filter Include="01Title">
      <UniqueIdentifier>{45daeef9-39cc-4f06-b2f5-0b4c0bfdcd55}</UniqueIdentifier>
    </Filter>
    <Filter Include="00Level">
      <UniqueIdentifier>{28095a85-3cd5-4d4b-9e57-2bc83bfaf0b0}</UniqueIdentifier>
    </Filter>
    <Filter Include="02Play">
      <UniqueIdentifier>{8a17fef8-a49d-44a1-a474-aeb93f329f2f}</UniqueIdentifier>
    </Filter>
    <Filter Include="03Ending">
      <UniqueIdentifier>{333692ca-fce9-4319-ac1f-1e5a2d15c802}</UniqueIdentifier>
    </Filter>
    <Filter Include="02Play\Crop">
      <UniqueIdentifier>{cbe1d534-e6ca-40d4-b9ee-84bc78cd49a5}</UniqueIdentifier>
    </Filter>
    <Filter Include="02Play\Interface">
      <UniqueIdentifier>{7d14fb72-1e23-44d8-b8f7-4fb4669f4c58}</UniqueIdentifier>
    </Filter>
    <Filter Include="00Level\PlayLevel">
      <UniqueIdentifier>{8725b542-7582-4a41-9d0c-886214cb8641}</UniqueIdentifier>
    </Filter>
    <Filter Include="99Etc">
      <UniqueIdentifier>{c903b0a6-d41e-4c61-bdfe-4afd2c65f5d3}</UniqueIdentifier>
    </Filter>
    <Filter Include="02Play\Items">
      <UniqueIdentifier>{4a2ebd00-c729-47aa-89a5-bd701691126a}</UniqueIdentifier>
    </Filter>
    <Filter Include="02Play\Fishing">
      <UniqueIdentifier>{c7f33d1d-1ff1-4e68-b48e-1f7d050c6159}</UniqueIdentifier>
    </Filter>
    <Filter Include="02Play\Shop">
      <UniqueIdentifier>{c7d29261-0e1c-472e-b384-de69a59243ce}</UniqueIdentifier>
    </Filter>
    <Filter Include="00Level\PlayLevel\Mine">
      <UniqueIdentifier>{872861a0-95c1-4c14-86c7-06ad9b0d2f30}</UniqueIdentifier>
    </Filter>
    <Filter Include="02Play\Mines">
      <UniqueIdentifier>{94e0abd8-57df-4bae-b29f-b5ec97c1a92b}</UniqueIdentifier>
    </Filter>
  </ItemGroup>
</Project>